
Microsoft Visual Studio Solution File, Format Version 12.00
# Visual Studio Version 17
VisualStudioVersion = 17.11.35327.3
MinimumVisualStudioVersion = 10.0.40219.1
Project("{FAE04EC0-301F-11D3-BF4B-00C04F79EFBC}") = "PersonalLibrary", "PersonalLibrary\PersonalLibrary.csproj", "{562ABACF-57C6-4375-8E37-6A1FD39FFC60}"
EndProject
Global
	GlobalSection(SolutionConfigurationPlatforms) = preSolution
		Debug|Any CPU = Debug|Any CPU
		Release|Any CPU = Release|Any CPU
	EndGlobalSection
	GlobalSection(ProjectConfigurationPlatforms) = postSolution
		{562ABACF-57C6-4375-8E37-6A1FD39FFC60}.Debug|Any CPU.ActiveCfg = Debug|Any CPU
		{562ABACF-57C6-4375-8E37-6A1FD39FFC60}.Debug|Any CPU.Build.0 = Debug|Any CPU
		{562ABACF-57C6-4375-8E37-6A1FD39FFC60}.Release|Any CPU.ActiveCfg = Release|Any CPU
		{562ABACF-57C6-4375-8E37-6A1FD39FFC60}.Release|Any CPU.Build.0 = Release|Any CPU
	EndGlobalSection
	GlobalSection(SolutionProperties) = preSolution
		HideSolutionNode = FALSE
	EndGlobalSection
	GlobalSection(ExtensibilityGlobals) = postSolution
		SolutionGuid = {1E593B9A-0905-422E-91CB-502FF58877D7}
	EndGlobalSection
EndGlobal
